
Microsoft Visual Studio Solution File, Format Version 12.00
# Visual Studio Version 17
VisualStudioVersion = 17.14.36221.1 d17.14
MinimumVisualStudioVersion = 10.0.40219.1
Project("{FAE04EC0-301F-11D3-BF4B-00C04F79EFBC}") = "Estoque.API", "Estoque.API\Estoque.API.csproj", "{C4AE645B-0236-4D4D-9431-F27B3A286DCD}"
EndProject
Project("{FAE04EC0-301F-11D3-BF4B-00C04F79EFBC}") = "Faturamento.API", "Faturamento.API\Faturamento.API.csproj", "{AF374042-7D14-4EF9-A4FE-FD4575C0FBD8}"
EndProject
Global
	GlobalSection(SolutionConfigurationPlatforms) = preSolution
		Debug|Any CPU = Debug|Any CPU
		Release|Any CPU = Release|Any CPU
	EndGlobalSection
	GlobalSection(ProjectConfigurationPlatforms) = postSolution
		{C4AE645B-0236-4D4D-9431-F27B3A286DCD}.Debug|Any CPU.ActiveCfg = Debug|Any CPU
		{C4AE645B-0236-4D4D-9431-F27B3A286DCD}.Debug|Any CPU.Build.0 = Debug|Any CPU
		{C4AE645B-0236-4D4D-9431-F27B3A286DCD}.Release|Any CPU.ActiveCfg = Release|Any CPU
		{C4AE645B-0236-4D4D-9431-F27B3A286DCD}.Release|Any CPU.Build.0 = Release|Any CPU
		{AF374042-7D14-4EF9-A4FE-FD4575C0FBD8}.Debug|Any CPU.ActiveCfg = Debug|Any CPU
		{AF374042-7D14-4EF9-A4FE-FD4575C0FBD8}.Debug|Any CPU.Build.0 = Debug|Any CPU
		{AF374042-7D14-4EF9-A4FE-FD4575C0FBD8}.Release|Any CPU.ActiveCfg = Release|Any CPU
		{AF374042-7D14-4EF9-A4FE-FD4575C0FBD8}.Release|Any CPU.Build.0 = Release|Any CPU
	EndGlobalSection
	GlobalSection(SolutionProperties) = preSolution
		HideSolutionNode = FALSE
	EndGlobalSection
	GlobalSection(ExtensibilityGlobals) = postSolution
		SolutionGuid = {6B5F42F4-1546-4C73-AAC4-EBC8C602FA48}
	EndGlobalSection
EndGlobal
